
Microsoft Visual Studio Solution File, Format Version 12.00
# Visual Studio Version 17
VisualStudioVersion = 17.13.35913.81
MinimumVisualStudioVersion = 10.0.40219.1
Project("{FAE04EC0-301F-11D3-BF4B-00C04F79EFBC}") = "Models", "Models\Models.csproj", "{C5895D24-CE36-4D0B-96FC-F4276225FC03}"
EndProject
Project("{FAE04EC0-301F-11D3-BF4B-00C04F79EFBC}") = "WebApi", "WebApi\WebApi.csproj", "{FBA61CFA-CAF1-4B29-A3BB-A5C9C1C9F1E9}"
EndProject
Project("{FAE04EC0-301F-11D3-BF4B-00C04F79EFBC}") = "GUI", "GUI\GUI.csproj", "{BC6265E0-7189-4F7E-BA3D-9CF0D6BBD020}"
EndProject
Global
	GlobalSection(SolutionConfigurationPlatforms) = preSolution
		Debug|Any CPU = Debug|Any CPU
		Release|Any CPU = Release|Any CPU
	EndGlobalSection
	GlobalSection(ProjectConfigurationPlatforms) = postSolution
		{C5895D24-CE36-4D0B-96FC-F4276225FC03}.Debug|Any CPU.ActiveCfg = Debug|Any CPU
		{C5895D24-CE36-4D0B-96FC-F4276225FC03}.Debug|Any CPU.Build.0 = Debug|Any CPU
		{C5895D24-CE36-4D0B-96FC-F4276225FC03}.Release|Any CPU.ActiveCfg = Release|Any CPU
		{C5895D24-CE36-4D0B-96FC-F4276225FC03}.Release|Any CPU.Build.0 = Release|Any CPU
		{FBA61CFA-CAF1-4B29-A3BB-A5C9C1C9F1E9}.Debug|Any CPU.ActiveCfg = Debug|Any CPU
		{FBA61CFA-CAF1-4B29-A3BB-A5C9C1C9F1E9}.Debug|Any CPU.Build.0 = Debug|Any CPU
		{FBA61CFA-CAF1-4B29-A3BB-A5C9C1C9F1E9}.Release|Any CPU.ActiveCfg = Release|Any CPU
		{FBA61CFA-CAF1-4B29-A3BB-A5C9C1C9F1E9}.Release|Any CPU.Build.0 = Release|Any CPU
		{BC6265E0-7189-4F7E-BA3D-9CF0D6BBD020}.Debug|Any CPU.ActiveCfg = Debug|Any CPU
		{BC6265E0-7189-4F7E-BA3D-9CF0D6BBD020}.Debug|Any CPU.Build.0 = Debug|Any CPU
		{BC6265E0-7189-4F7E-BA3D-9CF0D6BBD020}.Release|Any CPU.ActiveCfg = Release|Any CPU
		{BC6265E0-7189-4F7E-BA3D-9CF0D6BBD020}.Release|Any CPU.Build.0 = Release|Any CPU
	EndGlobalSection
	GlobalSection(SolutionProperties) = preSolution
		HideSolutionNode = FALSE
	EndGlobalSection
	GlobalSection(ExtensibilityGlobals) = postSolution
		SolutionGuid = {44B7F88D-387E-4D4D-BFFE-5F62F7D666A2}
	EndGlobalSection
EndGlobal
